{
    "_readme": [
        "This file locks the dependencies of your project to a known state",
        "Read more about it at https://getcomposer.org/doc/01-basic-usage.md#installing-dependencies",
        "This file is @generated automatically"
    ],
    "content-hash": "93e329737980ac44341beaa11743c756",
    "packages": [
        {
            "name": "bunny/bunny",
            "version": "v0.5.4",
            "source": {
                "type": "git",
                "url": "https://github.com/jakubkulhan/bunny.git",
                "reference": "1f6c8f2163efaf9455c3390435424d93649f1d83"
            },
            "dist": {
                "type": "zip",
                "url": "https://api.github.com/repos/jakubkulhan/bunny/zipball/1f6c8f2163efaf9455c3390435424d93649f1d83",
                "reference": "1f6c8f2163efaf9455c3390435424d93649f1d83",
                "shasum": ""
            },
            "require": {
                "php": "^7.1 || ^8.0",
                "react/event-loop": "^1.0 || ^0.5 || ^0.4",
                "react/promise": "~2.2"
            },
            "require-dev": {
                "ext-pcntl": "*",
                "phpunit/phpunit": "^9.5 || ^7.5.20",
                "symfony/process": "^6.1 || ^4.4"
            },
            "suggest": {
                "ext-pcntl": "For using synchronous AMQP/RabbitMQ client"
            },
            "type": "library",
            "autoload": {
                "psr-4": {
                    "Bunny\\": "src/Bunny/"
                }
            },
            "notification-url": "https://packagist.org/downloads/",
            "license": [
                "MIT"
            ],
            "authors": [
                {
                    "name": "Jakub Kulhan",
                    "email": "jakub.kulhan@gmail.com"
                }
            ],
            "description": "Performant pure-PHP AMQP (RabbitMQ) sync/async (ReactPHP) library",
            "keywords": [
                "AMQP",
                "bunny",
                "exchange",
                "message",
                "messaging",
                "queue",
                "queueing",
                "rabbit",
                "rabbitmq",
                "react",
                "react-php",
                "reactphp"
            ],
            "support": {
                "issues": "https://github.com/jakubkulhan/bunny/issues",
                "source": "https://github.com/jakubkulhan/bunny/tree/v0.5.4"
            },
            "time": "2022-12-15T20:23:51+00:00"
        },
        {
            "name": "php-etl/bucket",
            "version": "dev-main",
            "source": {
                "type": "git",
                "url": "https://github.com/php-etl/bucket.git",
                "reference": "233beac60eac83944160a5af993c20536d1ea1b0"
            },
            "dist": {
                "type": "zip",
                "url": "https://api.github.com/repos/php-etl/bucket/zipball/233beac60eac83944160a5af993c20536d1ea1b0",
                "reference": "233beac60eac83944160a5af993c20536d1ea1b0",
                "shasum": ""
            },
            "require": {
                "php": "^8.2",
                "php-etl/bucket-contracts": "0.3.*"
            },
            "require-dev": {
                "friendsofphp/php-cs-fixer": "^3.0",
                "phpspec/phpspec": "^7.3",
                "phpstan/phpstan": "^1.10",
                "rector/rector": "^0.15"
            },
            "default-branch": true,
            "type": "library",
            "extra": {
                "branch-alias": {
                    "dev-main": "0.4.x-dev"
                }
            },
            "autoload": {
                "psr-4": {
                    "Kiboko\\Component\\Bucket\\": "src/"
                }
            },
            "notification-url": "https://packagist.org/downloads/",
            "license": [
                "MIT"
            ],
            "authors": [
                {
                    "name": "Kiboko SAS",
                    "homepage": "http://kiboko.fr"
                },
                {
                    "name": "Grégory Planchat",
                    "email": "gregory@kiboko.fr"
                }
            ],
            "description": "This library implements the Extract-Transform-Load pattern asynchronously in PHP with the help of iterators and generators",
            "support": {
                "issues": "https://github.com/php-etl/bucket/issues",
                "source": "https://github.com/php-etl/bucket/tree/main"
            },
            "time": "2023-11-14T14:39:36+00:00"
        },
        {
            "name": "php-etl/bucket-contracts",
            "version": "v0.3.0",
            "source": {
                "type": "git",
                "url": "https://github.com/php-etl/bucket-contracts.git",
                "reference": "64170754cb1f5e556c8e526177be51d905c3b15f"
            },
            "dist": {
                "type": "zip",
                "url": "https://api.github.com/repos/php-etl/bucket-contracts/zipball/64170754cb1f5e556c8e526177be51d905c3b15f",
                "reference": "64170754cb1f5e556c8e526177be51d905c3b15f",
                "shasum": ""
            },
            "require": {
                "php": "^8.2"
            },
            "require-dev": {
                "friendsofphp/php-cs-fixer": "^3.0",
                "phpstan/phpstan": "^1.10",
                "rector/rector": "^0.15"
            },
            "type": "library",
            "extra": {
                "branch-alias": {
                    "dev-main": "0.3.x-dev"
                }
            },
            "autoload": {
                "psr-4": {
                    "Kiboko\\Contract\\Bucket\\": "src/"
                }
            },
            "notification-url": "https://packagist.org/downloads/",
            "license": [
                "MIT"
            ],
            "authors": [
                {
                    "name": "Kiboko SAS",
                    "homepage": "http://kiboko.fr"
                },
                {
                    "name": "Grégory Planchat",
                    "email": "gregory@kiboko.fr"
                }
            ],
            "description": "This library describes contracts for the data-interchange buckets.",
            "support": {
                "issues": "https://github.com/php-etl/bucket-contracts/issues",
                "source": "https://github.com/php-etl/bucket-contracts/tree/v0.3.0"
            },
            "time": "2023-11-14T14:39:36+00:00"
        },
        {
            "name": "php-etl/pipeline-contracts",
            "version": "v0.5.0",
            "source": {
                "type": "git",
                "url": "https://github.com/php-etl/pipeline-contracts.git",
                "reference": "29aac4a1644c960355a17876e4a84bb8f0b89654"
            },
            "dist": {
                "type": "zip",
                "url": "https://api.github.com/repos/php-etl/pipeline-contracts/zipball/29aac4a1644c960355a17876e4a84bb8f0b89654",
                "reference": "29aac4a1644c960355a17876e4a84bb8f0b89654",
                "shasum": ""
            },
            "require": {
                "php": "^8.2",
                "php-etl/bucket-contracts": "0.3.*",
                "php-etl/satellite-contracts": "0.1.*"
            },
            "require-dev": {
                "friendsofphp/php-cs-fixer": "^3.0",
                "phpstan/phpstan": "^1.10",
                "rector/rector": "^0.15"
            },
            "type": "library",
            "extra": {
                "branch-alias": {
                    "dev-main": "0.5.x-dev"
                }
            },
            "autoload": {
                "psr-4": {
                    "Kiboko\\Contract\\Pipeline\\": "src/"
                }
            },
            "notification-url": "https://packagist.org/downloads/",
            "license": [
                "MIT"
            ],
            "authors": [
                {
                    "name": "Kiboko SAS",
                    "homepage": "http://kiboko.fr"
                },
                {
                    "name": "Grégory Planchat",
                    "email": "gregory@kiboko.fr"
                }
            ],
            "description": "This library describes contracts for the Extract-Transform-Load pattern.",
            "support": {
                "issues": "https://github.com/php-etl/pipeline-contracts/issues",
                "source": "https://github.com/php-etl/pipeline-contracts/tree/v0.5.0"
            },
            "time": "2023-11-15T10:45:24+00:00"
        },
        {
            "name": "php-etl/satellite-contracts",
            "version": "v0.1.0",
            "source": {
                "type": "git",
                "url": "https://github.com/php-etl/satellite-contracts.git",
                "reference": "1d2bc6822bfdb3efc6a1f490e706db995c99ef41"
            },
            "dist": {
                "type": "zip",
                "url": "https://api.github.com/repos/php-etl/satellite-contracts/zipball/1d2bc6822bfdb3efc6a1f490e706db995c99ef41",
                "reference": "1d2bc6822bfdb3efc6a1f490e706db995c99ef41",
                "shasum": ""
            },
            "require": {
                "php": "^8.2"
            },
            "require-dev": {
                "rector/rector": "^0.15.0"
            },
            "type": "library",
            "extra": {
                "branch-alias": {
                    "dev-main": "0.1.x-dev"
                }
            },
            "autoload": {
                "psr-4": {
                    "Kiboko\\Contract\\Satellite\\": "src/"
                }
            },
            "notification-url": "https://packagist.org/downloads/",
            "license": [
                "MIT"
            ],
            "authors": [
                {
                    "name": "Kiboko SAS",
                    "homepage": "http://kiboko.fr"
                },
                {
                    "name": "Grégory Planchat",
                    "email": "gregory@kiboko.fr"
                }
            ],
            "description": "This library describes contracts for defining satellite formats",
            "support": {
                "issues": "https://github.com/php-etl/satellite-contracts/issues",
                "source": "https://github.com/php-etl/satellite-contracts/tree/v0.1.0"
            },
            "time": "2023-04-18T13:53:22+00:00"
        },
        {
            "name": "react/event-loop",
            "version": "v1.3.0",
            "source": {
                "type": "git",
                "url": "https://github.com/reactphp/event-loop.git",
                "reference": "187fb56f46d424afb6ec4ad089269c72eec2e137"
            },
            "dist": {
                "type": "zip",
                "url": "https://api.github.com/repos/reactphp/event-loop/zipball/187fb56f46d424afb6ec4ad089269c72eec2e137",
                "reference": "187fb56f46d424afb6ec4ad089269c72eec2e137",
                "shasum": ""
            },
            "require": {
                "php": ">=5.3.0"
            },
            "require-dev": {
                "phpunit/phpunit": "^9.3 || ^5.7 || ^4.8.35"
            },
            "suggest": {
                "ext-event": "~1.0 for ExtEventLoop",
                "ext-pcntl": "For signal handling support when using the StreamSelectLoop",
                "ext-uv": "* for ExtUvLoop"
            },
            "type": "library",
            "autoload": {
                "psr-4": {
                    "React\\EventLoop\\": "src"
                }
            },
            "notification-url": "https://packagist.org/downloads/",
            "license": [
                "MIT"
            ],
            "authors": [
                {
                    "name": "Christian Lück",
                    "email": "christian@clue.engineering",
                    "homepage": "https://clue.engineering/"
                },
                {
                    "name": "Cees-Jan Kiewiet",
                    "email": "reactphp@ceesjankiewiet.nl",
                    "homepage": "https://wyrihaximus.net/"
                },
                {
                    "name": "Jan Sorgalla",
                    "email": "jsorgalla@gmail.com",
                    "homepage": "https://sorgalla.com/"
                },
                {
                    "name": "Chris Boden",
                    "email": "cboden@gmail.com",
                    "homepage": "https://cboden.dev/"
                }
            ],
            "description": "ReactPHP's core reactor event loop that libraries can use for evented I/O.",
            "keywords": [
                "asynchronous",
                "event-loop"
            ],
            "support": {
                "issues": "https://github.com/reactphp/event-loop/issues",
                "source": "https://github.com/reactphp/event-loop/tree/v1.3.0"
            },
            "funding": [
                {
                    "url": "https://github.com/WyriHaximus",
                    "type": "github"
                },
                {
                    "url": "https://github.com/clue",
                    "type": "github"
                }
            ],
            "time": "2022-03-17T11:10:22+00:00"
        },
        {
            "name": "react/promise",
            "version": "v2.9.0",
            "source": {
                "type": "git",
                "url": "https://github.com/reactphp/promise.git",
                "reference": "234f8fd1023c9158e2314fa9d7d0e6a83db42910"
            },
            "dist": {
                "type": "zip",
                "url": "https://api.github.com/repos/reactphp/promise/zipball/234f8fd1023c9158e2314fa9d7d0e6a83db42910",
                "reference": "234f8fd1023c9158e2314fa9d7d0e6a83db42910",
                "shasum": ""
            },
            "require": {
                "php": ">=5.4.0"
            },
            "require-dev": {
                "phpunit/phpunit": "^9.3 || ^5.7 || ^4.8.36"
            },
            "type": "library",
            "autoload": {
                "files": [
                    "src/functions_include.php"
                ],
                "psr-4": {
                    "React\\Promise\\": "src/"
                }
            },
            "notification-url": "https://packagist.org/downloads/",
            "license": [
                "MIT"
            ],
            "authors": [
                {
                    "name": "Jan Sorgalla",
                    "email": "jsorgalla@gmail.com",
                    "homepage": "https://sorgalla.com/"
                },
                {
                    "name": "Christian Lück",
                    "email": "christian@clue.engineering",
                    "homepage": "https://clue.engineering/"
                },
                {
                    "name": "Cees-Jan Kiewiet",
                    "email": "reactphp@ceesjankiewiet.nl",
                    "homepage": "https://wyrihaximus.net/"
                },
                {
                    "name": "Chris Boden",
                    "email": "cboden@gmail.com",
                    "homepage": "https://cboden.dev/"
                }
            ],
            "description": "A lightweight implementation of CommonJS Promises/A for PHP",
            "keywords": [
                "promise",
                "promises"
            ],
            "support": {
                "issues": "https://github.com/reactphp/promise/issues",
                "source": "https://github.com/reactphp/promise/tree/v2.9.0"
            },
            "funding": [
                {
                    "url": "https://github.com/WyriHaximus",
                    "type": "github"
                },
                {
                    "url": "https://github.com/clue",
                    "type": "github"
                }
            ],
            "time": "2022-02-11T10:27:51+00:00"
        },
        {
            "name": "symfony/polyfill-uuid",
            "version": "v1.28.0",
            "source": {
                "type": "git",
                "url": "https://github.com/symfony/polyfill-uuid.git",
                "reference": "9c44518a5aff8da565c8a55dbe85d2769e6f630e"
            },
            "dist": {
                "type": "zip",
                "url": "https://api.github.com/repos/symfony/polyfill-uuid/zipball/9c44518a5aff8da565c8a55dbe85d2769e6f630e",
                "reference": "9c44518a5aff8da565c8a55dbe85d2769e6f630e",
                "shasum": ""
            },
            "require": {
                "php": ">=7.1"
            },
            "provide": {
                "ext-uuid": "*"
            },
            "suggest": {
                "ext-uuid": "For best performance"
            },
            "type": "library",
            "extra": {
                "branch-alias": {
                    "dev-main": "1.28-dev"
                },
                "thanks": {
                    "name": "symfony/polyfill",
                    "url": "https://github.com/symfony/polyfill"
                }
            },
            "autoload": {
                "files": [
                    "bootstrap.php"
                ],
                "psr-4": {
                    "Symfony\\Polyfill\\Uuid\\": ""
                }
            },
            "notification-url": "https://packagist.org/downloads/",
            "license": [
                "MIT"
            ],
            "authors": [
                {
                    "name": "Grégoire Pineau",
                    "email": "lyrixx@lyrixx.info"
                },
                {
                    "name": "Symfony Community",
                    "homepage": "https://symfony.com/contributors"
                }
            ],
            "description": "Symfony polyfill for uuid functions",
            "homepage": "https://symfony.com",
            "keywords": [
                "compatibility",
                "polyfill",
                "portable",
                "uuid"
            ],
            "support": {
                "source": "https://github.com/symfony/polyfill-uuid/tree/v1.28.0"
            },
            "funding": [
                {
                    "url": "https://symfony.com/sponsor",
                    "type": "custom"
                },
                {
                    "url": "https://github.com/fabpot",
                    "type": "github"
                },
                {
                    "url": "https://tidelift.com/funding/github/packagist/symfony/symfony",
                    "type": "tidelift"
                }
            ],
            "time": "2023-01-26T09:26:14+00:00"
        }
    ],
    "packages-dev": [
        {
            "name": "mikey179/vfsstream",
            "version": "v1.6.11",
            "source": {
                "type": "git",
                "url": "https://github.com/bovigo/vfsStream.git",
                "reference": "17d16a85e6c26ce1f3e2fa9ceeacdc2855db1e9f"
            },
            "dist": {
                "type": "zip",
                "url": "https://api.github.com/repos/bovigo/vfsStream/zipball/17d16a85e6c26ce1f3e2fa9ceeacdc2855db1e9f",
                "reference": "17d16a85e6c26ce1f3e2fa9ceeacdc2855db1e9f",
                "shasum": ""
            },
            "require": {
                "php": ">=5.3.0"
            },
            "require-dev": {
                "phpunit/phpunit": "^4.5|^5.0"
            },
            "type": "library",
            "extra": {
                "branch-alias": {
                    "dev-master": "1.6.x-dev"
                }
            },
            "autoload": {
                "psr-0": {
                    "org\\bovigo\\vfs\\": "src/main/php"
                }
            },
            "notification-url": "https://packagist.org/downloads/",
            "license": [
                "BSD-3-Clause"
            ],
            "authors": [
                {
                    "name": "Frank Kleine",
                    "homepage": "http://frankkleine.de/",
                    "role": "Developer"
                }
            ],
            "description": "Virtual file system to mock the real file system in unit tests.",
            "homepage": "http://vfs.bovigo.org/",
            "support": {
                "issues": "https://github.com/bovigo/vfsStream/issues",
                "source": "https://github.com/bovigo/vfsStream/tree/master",
                "wiki": "https://github.com/bovigo/vfsStream/wiki"
            },
            "time": "2022-02-23T02:02:42+00:00"
        },
        {
            "name": "phpstan/phpstan",
            "version": "1.10.13",
            "source": {
                "type": "git",
                "url": "https://github.com/phpstan/phpstan.git",
                "reference": "f07bf8c6980b81bf9e49d44bd0caf2e737614a70"
            },
            "dist": {
                "type": "zip",
                "url": "https://api.github.com/repos/phpstan/phpstan/zipball/f07bf8c6980b81bf9e49d44bd0caf2e737614a70",
                "reference": "f07bf8c6980b81bf9e49d44bd0caf2e737614a70",
                "shasum": ""
            },
            "require": {
                "php": "^7.2|^8.0"
            },
            "conflict": {
                "phpstan/phpstan-shim": "*"
            },
            "bin": [
                "phpstan",
                "phpstan.phar"
            ],
            "type": "library",
            "autoload": {
                "files": [
                    "bootstrap.php"
                ]
            },
            "notification-url": "https://packagist.org/downloads/",
            "license": [
                "MIT"
            ],
            "description": "PHPStan - PHP Static Analysis Tool",
            "keywords": [
                "dev",
                "static analysis"
            ],
            "support": {
                "docs": "https://phpstan.org/user-guide/getting-started",
                "forum": "https://github.com/phpstan/phpstan/discussions",
                "issues": "https://github.com/phpstan/phpstan/issues",
                "security": "https://github.com/phpstan/phpstan/security/policy",
                "source": "https://github.com/phpstan/phpstan-src"
            },
            "funding": [
                {
                    "url": "https://github.com/ondrejmirtes",
                    "type": "github"
                },
                {
                    "url": "https://github.com/phpstan",
                    "type": "github"
                },
                {
                    "url": "https://tidelift.com/funding/github/packagist/phpstan/phpstan",
                    "type": "tidelift"
                }
            ],
            "time": "2023-04-12T19:29:52+00:00"
        },
        {
            "name": "rector/rector",
            "version": "0.15.24",
            "source": {
                "type": "git",
                "url": "https://github.com/rectorphp/rector.git",
                "reference": "716473919bcfdc27bdd2a32afb72adbf4c224e59"
            },
            "dist": {
                "type": "zip",
                "url": "https://api.github.com/repos/rectorphp/rector/zipball/716473919bcfdc27bdd2a32afb72adbf4c224e59",
                "reference": "716473919bcfdc27bdd2a32afb72adbf4c224e59",
                "shasum": ""
            },
            "require": {
                "php": "^7.2|^8.0",
                "phpstan/phpstan": "^1.10.1"
            },
            "conflict": {
                "rector/rector-doctrine": "*",
                "rector/rector-downgrade-php": "*",
                "rector/rector-phpunit": "*",
                "rector/rector-symfony": "*"
            },
            "bin": [
                "bin/rector"
            ],
            "type": "library",
            "extra": {
                "branch-alias": {
                    "dev-main": "0.15-dev"
                }
            },
            "autoload": {
                "files": [
                    "bootstrap.php"
                ]
            },
            "notification-url": "https://packagist.org/downloads/",
            "license": [
                "MIT"
            ],
            "description": "Instant Upgrade and Automated Refactoring of any PHP code",
            "keywords": [
                "automation",
                "dev",
                "migration",
                "refactoring"
            ],
            "support": {
                "issues": "https://github.com/rectorphp/rector/issues",
                "source": "https://github.com/rectorphp/rector/tree/0.15.24"
            },
            "funding": [
                {
                    "url": "https://github.com/tomasvotruba",
                    "type": "github"
                }
            ],
            "time": "2023-04-05T08:49:11+00:00"
        }
    ],
    "aliases": [],
    "minimum-stability": "dev",
    "stability-flags": [],
    "prefer-stable": true,
    "prefer-lowest": false,
    "platform": {
        "php": "^8.2"
    },
    "platform-dev": [],
    "plugin-api-version": "2.6.0"
}
